
Microsoft Visual Studio Solution File, Format Version 12.00
# Visual Studio Version 17
VisualStudioVersion = 17.6.33829.357
MinimumVisualStudioVersion = 10.0.40219.1
Project("{FAE04EC0-301F-11D3-BF4B-00C04F79EFBC}") = "Csharp_dongho", "Csharp_dongho.csproj", "{E95AF407-5105-464B-9CE4-CCE1485E5A39}"
EndProject
Global
	GlobalSection(SolutionConfigurationPlatforms) = preSolution
		Debug|Any CPU = Debug|Any CPU
		Release|Any CPU = Release|Any CPU
	EndGlobalSection
	GlobalSection(ProjectConfigurationPlatforms) = postSolution
		{E95AF407-5105-464B-9CE4-CCE1485E5A39}.Debug|Any CPU.ActiveCfg = Debug|Any CPU
		{E95AF407-5105-464B-9CE4-CCE1485E5A39}.Debug|Any CPU.Build.0 = Debug|Any CPU
		{E95AF407-5105-464B-9CE4-CCE1485E5A39}.Release|Any CPU.ActiveCfg = Release|Any CPU
		{E95AF407-5105-464B-9CE4-CCE1485E5A39}.Release|Any CPU.Build.0 = Release|Any CPU
	EndGlobalSection
	GlobalSection(SolutionProperties) = preSolution
		HideSolutionNode = FALSE
	EndGlobalSection
	GlobalSection(ExtensibilityGlobals) = postSolution
		SolutionGuid = {DBED854D-0574-487C-9706-12A29D95B7E2}
	EndGlobalSection
EndGlobal
